
Microsoft Visual Studio Solution File, Format Version 12.00
# Visual Studio Version 16
VisualStudioVersion = 16.0.31105.61
MinimumVisualStudioVersion = 10.0.40219.1
Project("{FAE04EC0-301F-11D3-BF4B-00C04F79EFBC}") = "DotaWebCalculator", "DotaWebCalculator\DotaWebCalculator.csproj", "{B011B275-9441-4E1C-84D1-B14584473915}"
EndProject
Global
	GlobalSection(SolutionConfigurationPlatforms) = preSolution
		Debug|Any CPU = Debug|Any CPU
		Release|Any CPU = Release|Any CPU
	EndGlobalSection
	GlobalSection(ProjectConfigurationPlatforms) = postSolution
		{B011B275-9441-4E1C-84D1-B14584473915}.Debug|Any CPU.ActiveCfg = Debug|Any CPU
		{B011B275-9441-4E1C-84D1-B14584473915}.Debug|Any CPU.Build.0 = Debug|Any CPU
		{B011B275-9441-4E1C-84D1-B14584473915}.Release|Any CPU.ActiveCfg = Release|Any CPU
		{B011B275-9441-4E1C-84D1-B14584473915}.Release|Any CPU.Build.0 = Release|Any CPU
	EndGlobalSection
	GlobalSection(SolutionProperties) = preSolution
		HideSolutionNode = FALSE
	EndGlobalSection
	GlobalSection(ExtensibilityGlobals) = postSolution
		SolutionGuid = {95FC7B34-EDCD-4F1D-812B-3D6056406A89}
	EndGlobalSection
EndGlobal
